<?xml version="1.0" encoding="utf-8"?>
<Project ToolsVersion="4.0" xmlns="http://schemas.microsoft.com/developer/msbuild/2003">
  <ItemGroup>
    <ClCompile Include="main.cpp" />
    <ClCompile Include="stdafx.cpp" />
    <ClCompile Include="ExampleTriangle.cpp">
      <Filter>examples</Filter>
    </ClCompile>
    <ClCompile Include="ExampleCube.cpp">
      <Filter>examples</Filter>
    </ClCompile>
    <ClCompile Include="ExampleFramebuffer.cpp">
      <Filter>examples</Filter>
    </ClCompile>
    <ClCompile Include="ExampleCompute.cpp">
      <Filter>examples</Filter>
    </ClCompile>
    <ClCompile Include="GameApp.cpp">
      <Filter>Game</Filter>
    </ClCompile>
    <ClCompile Include="GameScene.cpp">
      <Filter>Game\scene</Filter>
    </ClCompile>
    <ClCompile Include="MapGrid.cpp">
      <Filter>Game\Editor</Filter>
    </ClCompile>
    <ClCompile Include="MapLoadObjTile.cpp">
      <Filter>Game\BlockMap</Filter>
    </ClCompile>
    <ClCompile Include="Tile.cpp">
      <Filter>Game\BlockMap</Filter>
    </ClCompile>
    <ClCompile Include="Map.cpp">
      <Filter>Game\BlockMap</Filter>
    </ClCompile>
    <ClCompile Include="TerraTest.cpp">
      <Filter>examples\TerraTest</Filter>
    </ClCompile>
    <ClCompile Include="Terrain.cpp">
      <Filter>examples\TerraTest</Filter>
    </ClCompile>
    <ClCompile Include="EditorTerrain.cpp">
      <Filter>examples\TerraTest</Filter>
    </ClCompile>
    <ClCompile Include="ViewWorldData.cpp">
      <Filter>Game\Framework</Filter>
    </ClCompile>
  </ItemGroup>
  <ItemGroup>
    <ClInclude Include="stdafx.h" />
    <ClInclude Include="GameScene.h">
      <Filter>Game\scene</Filter>
    </ClInclude>
    <ClInclude Include="Global.h" />
    <ClInclude Include="MapGrid.h">
      <Filter>Game\Editor</Filter>
    </ClInclude>
    <ClInclude Include="MapLoadObjTile.h">
      <Filter>Game\BlockMap</Filter>
    </ClInclude>
    <ClInclude Include="Tile.h">
      <Filter>Game\BlockMap</Filter>
    </ClInclude>
    <ClInclude Include="Map.h">
      <Filter>Game\BlockMap</Filter>
    </ClInclude>
    <ClInclude Include="TerraTest.h">
      <Filter>examples\TerraTest</Filter>
    </ClInclude>
    <ClInclude Include="Terrain.h">
      <Filter>examples\TerraTest</Filter>
    </ClInclude>
    <ClInclude Include="GameModel.h">
      <Filter>Game\Framework</Filter>
    </ClInclude>
    <ClInclude Include="ViewWorldData.h">
      <Filter>Game\Framework</Filter>
    </ClInclude>
  </ItemGroup>
  <ItemGroup>
    <Filter Include="examples">
      <UniqueIdentifier>{a055fbcf-1375-4873-aa11-93b46200cea0}</UniqueIdentifier>
    </Filter>
    <Filter Include="Game">
      <UniqueIdentifier>{614da8a5-7091-4710-a7b7-c99e1aa23b47}</UniqueIdentifier>
    </Filter>
    <Filter Include="Game\Editor">
      <UniqueIdentifier>{a1bd042e-1774-43f1-b172-a4024da4d621}</UniqueIdentifier>
    </Filter>
    <Filter Include="Game\BlockMap">
      <UniqueIdentifier>{20589e25-809b-4ff2-b005-f6635f263a19}</UniqueIdentifier>
    </Filter>
    <Filter Include="Game\Framework">
      <UniqueIdentifier>{2bd3c970-4c82-4e47-9429-fd5f790a6f5d}</UniqueIdentifier>
    </Filter>
    <Filter Include="Game\scene">
      <UniqueIdentifier>{9a3925a5-6dc8-4a9c-8338-34e9d8fcccf9}</UniqueIdentifier>
    </Filter>
    <Filter Include="examples\TerraTest">
      <UniqueIdentifier>{48a8fdcc-c05f-409d-9a3c-f4d01f56e742}</UniqueIdentifier>
    </Filter>
  </ItemGroup>
</Project>