<Solution>
  <Configurations>
    <Platform Name="x64" />
  </Configurations>
  <Project Path="3rdparty/3rdparty.vcxproj" Id="85d00892-bf33-46df-b47c-bdfc3b6937a1" />
  <Project Path="Engine/Engine.vcxproj" Id="f8fe8f6c-352c-46e5-8ea6-205484df5b74" />
  <Project Path="RPGGame/RPGGame.vcxproj" Id="4fee6481-3b13-4959-a926-e279903c3e4c">
    <BuildDependency Project="3rdparty/3rdparty.vcxproj" />
    <BuildDependency Project="Engine/Engine.vcxproj" />
  </Project>
</Solution>
